{
  "name": "@alberttanure/catpilot-cli",
  "version": "0.1.8",
  "lockfileVersion": 3,
  "requires": true,
  "packages": {
    "": {
      "name": "@alberttanure/catpilot-cli",
      "version": "0.1.8",
      "license": "MIT",
      "bin": {
        "catpilot": "bin/catpilot.js"
      },
      "engines": {
        "node": ">=18"
      }
    }
  }
}
